// !$*UTF8*$!
{
	archiveVersion = 1;
	classes = {
	};
	objectVersion = 50;
	objects = {

/* Begin PBXBuildFile section */
		4A40BB8E22292D5100CBF35E /* XMYIGListImageSectionController.m in Sources */ = {isa = PBXBuildFile; fileRef = 4A40BB8D22292D5100CBF35E /* XMYIGListImageSectionController.m */; };
		4A40BB9722292EE600CBF35E /* XMYImageCell_ square.m in Sources */ = {isa = PBXBuildFile; fileRef = 4A40BB9522292EE600CBF35E /* XMYImageCell_ square.m */; };
		4A40BB9822292EE600CBF35E /* XMYImageCell_ square.xib in Resources */ = {isa = PBXBuildFile; fileRef = 4A40BB9622292EE600CBF35E /* XMYImageCell_ square.xib */; };
		4A40BB9C22292F0400CBF35E /* XMYImageCell_ rectangle.m in Sources */ = {isa = PBXBuildFile; fileRef = 4A40BB9A22292F0400CBF35E /* XMYImageCell_ rectangle.m */; };
		4A40BB9D22292F0400CBF35E /* XMYImageCell_ rectangle.xib in Resources */ = {isa = PBXBuildFile; fileRef = 4A40BB9B22292F0400CBF35E /* XMYImageCell_ rectangle.xib */; };
		4A476BF221E5CE8C00E19107 /* AppDelegate.m in Sources */ = {isa = PBXBuildFile; fileRef = 4A476BF121E5CE8C00E19107 /* AppDelegate.m */; };
		4A476BF521E5CE8C00E19107 /* ViewController.m in Sources */ = {isa = PBXBuildFile; fileRef = 4A476BF421E5CE8C00E19107 /* ViewController.m */; };
		4A476BF821E5CE8C00E19107 /* Main.storyboard in Resources */ = {isa = PBXBuildFile; fileRef = 4A476BF621E5CE8C00E19107 /* Main.storyboard */; };
		4A476BFA21E5CE8E00E19107 /* Assets.xcassets in Resources */ = {isa = PBXBuildFile; fileRef = 4A476BF921E5CE8E00E19107 /* Assets.xcassets */; };
		4A476BFD21E5CE8E00E19107 /* LaunchScreen.storyboard in Resources */ = {isa = PBXBuildFile; fileRef = 4A476BFB21E5CE8E00E19107 /* LaunchScreen.storyboard */; };
		4A476C0021E5CE8E00E19107 /* main.m in Sources */ = {isa = PBXBuildFile; fileRef = 4A476BFF21E5CE8E00E19107 /* main.m */; };
		4A476C0B21E5D26800E19107 /* ListSectionModel.m in Sources */ = {isa = PBXBuildFile; fileRef = 4A476C0A21E5D26800E19107 /* ListSectionModel.m */; };
		4A476C0E21E5D2EB00E19107 /* XMYIGListSectionController.m in Sources */ = {isa = PBXBuildFile; fileRef = 4A476C0D21E5D2EB00E19107 /* XMYIGListSectionController.m */; };
		4A476C1121E5D5B600E19107 /* LWorkTableButtonCell.m in Sources */ = {isa = PBXBuildFile; fileRef = 4A476C0F21E5D5B600E19107 /* LWorkTableButtonCell.m */; };
		4A476C1521E5D6E400E19107 /* LWorkTableCommonHeader.xib in Resources */ = {isa = PBXBuildFile; fileRef = 4A476C1221E5D6E300E19107 /* LWorkTableCommonHeader.xib */; };
		4A476C1621E5D6E400E19107 /* LWorkTableCommonHeader.m in Sources */ = {isa = PBXBuildFile; fileRef = 4A476C1321E5D6E300E19107 /* LWorkTableCommonHeader.m */; };
		85BFB025A16BADB4BC1E47B5 /* libPods-T_yunIGListKit.a in Frameworks */ = {isa = PBXBuildFile; fileRef = D9EA40B61B782030AD3690E5 /* libPods-T_yunIGListKit.a */; };
/* End PBXBuildFile section */

/* Begin PBXFileReference section */
		4A40BB8C22292D5100CBF35E /* XMYIGListImageSectionController.h */ = {isa = PBXFileReference; lastKnownFileType = sourcecode.c.h; path = XMYIGListImageSectionController.h; sourceTree = "<group>"; };
		4A40BB8D22292D5100CBF35E /* XMYIGListImageSectionController.m */ = {isa = PBXFileReference; lastKnownFileType = sourcecode.c.objc; path = XMYIGListImageSectionController.m; sourceTree = "<group>"; };
		4A40BB9422292EE600CBF35E /* XMYImageCell_ square.h */ = {isa = PBXFileReference; lastKnownFileType = sourcecode.c.h; path = "XMYImageCell_ square.h"; sourceTree = "<group>"; };
		4A40BB9522292EE600CBF35E /* XMYImageCell_ square.m */ = {isa = PBXFileReference; lastKnownFileType = sourcecode.c.objc; path = "XMYImageCell_ square.m"; sourceTree = "<group>"; };
		4A40BB9622292EE600CBF35E /* XMYImageCell_ square.xib */ = {isa = PBXFileReference; lastKnownFileType = file.xib; path = "XMYImageCell_ square.xib"; sourceTree = "<group>"; };
		4A40BB9922292F0400CBF35E /* XMYImageCell_ rectangle.h */ = {isa = PBXFileReference; lastKnownFileType = sourcecode.c.h; path = "XMYImageCell_ rectangle.h"; sourceTree = "<group>"; };
		4A40BB9A22292F0400CBF35E /* XMYImageCell_ rectangle.m */ = {isa = PBXFileReference; lastKnownFileType = sourcecode.c.objc; path = "XMYImageCell_ rectangle.m"; sourceTree = "<group>"; };
		4A40BB9B22292F0400CBF35E /* XMYImageCell_ rectangle.xib */ = {isa = PBXFileReference; lastKnownFileType = file.xib; path = "XMYImageCell_ rectangle.xib"; sourceTree = "<group>"; };
		4A476BED21E5CE8C00E19107 /* T_yunIGListKit.app */ = {isa = PBXFileReference; explicitFileType = wrapper.application; includeInIndex = 0; path = T_yunIGListKit.app; sourceTree = BUILT_PRODUCTS_DIR; };
		4A476BF021E5CE8C00E19107 /* AppDelegate.h */ = {isa = PBXFileReference; lastKnownFileType = sourcecode.c.h; path = AppDelegate.h; sourceTree = "<group>"; };
		4A476BF121E5CE8C00E19107 /* AppDelegate.m */ = {isa = PBXFileReference; lastKnownFileType = sourcecode.c.objc; path = AppDelegate.m; sourceTree = "<group>"; };
		4A476BF321E5CE8C00E19107 /* ViewController.h */ = {isa = PBXFileReference; lastKnownFileType = sourcecode.c.h; path = ViewController.h; sourceTree = "<group>"; };
		4A476BF421E5CE8C00E19107 /* ViewController.m */ = {isa = PBXFileReference; lastKnownFileType = sourcecode.c.objc; path = ViewController.m; sourceTree = "<group>"; };
		4A476BF721E5CE8C00E19107 /* Base */ = {isa = PBXFileReference; lastKnownFileType = file.storyboard; name = Base; path = Base.lproj/Main.storyboard; sourceTree = "<group>"; };
		4A476BF921E5CE8E00E19107 /* Assets.xcassets */ = {isa = PBXFileReference; lastKnownFileType = folder.assetcatalog; path = Assets.xcassets; sourceTree = "<group>"; };
		4A476BFC21E5CE8E00E19107 /* Base */ = {isa = PBXFileReference; lastKnownFileType = file.storyboard; name = Base; path = Base.lproj/LaunchScreen.storyboard; sourceTree = "<group>"; };
		4A476BFE21E5CE8E00E19107 /* Info.plist */ = {isa = PBXFileReference; lastKnownFileType = text.plist.xml; path = Info.plist; sourceTree = "<group>"; };
		4A476BFF21E5CE8E00E19107 /* main.m */ = {isa = PBXFileReference; lastKnownFileType = sourcecode.c.objc; path = main.m; sourceTree = "<group>"; };
		4A476C0921E5D26800E19107 /* ListSectionModel.h */ = {isa = PBXFileReference; lastKnownFileType = sourcecode.c.h; path = ListSectionModel.h; sourceTree = "<group>"; };
		4A476C0A21E5D26800E19107 /* ListSectionModel.m */ = {isa = PBXFileReference; lastKnownFileType = sourcecode.c.objc; path = ListSectionModel.m; sourceTree = "<group>"; };
		4A476C0C21E5D2EB00E19107 /* XMYIGListSectionController.h */ = {isa = PBXFileReference; lastKnownFileType = sourcecode.c.h; path = XMYIGListSectionController.h; sourceTree = "<group>"; };
		4A476C0D21E5D2EB00E19107 /* XMYIGListSectionController.m */ = {isa = PBXFileReference; lastKnownFileType = sourcecode.c.objc; path = XMYIGListSectionController.m; sourceTree = "<group>"; };
		4A476C0F21E5D5B600E19107 /* LWorkTableButtonCell.m */ = {isa = PBXFileReference; fileEncoding = 4; lastKnownFileType = sourcecode.c.objc; path = LWorkTableButtonCell.m; sourceTree = "<group>"; };
		4A476C1021E5D5B600E19107 /* LWorkTableButtonCell.h */ = {isa = PBXFileReference; fileEncoding = 4; lastKnownFileType = sourcecode.c.h; path = LWorkTableButtonCell.h; sourceTree = "<group>"; };
		4A476C1221E5D6E300E19107 /* LWorkTableCommonHeader.xib */ = {isa = PBXFileReference; fileEncoding = 4; lastKnownFileType = file.xib; path = LWorkTableCommonHeader.xib; sourceTree = "<group>"; };
		4A476C1321E5D6E300E19107 /* LWorkTableCommonHeader.m */ = {isa = PBXFileReference; fileEncoding = 4; lastKnownFileType = sourcecode.c.objc; path = LWorkTableCommonHeader.m; sourceTree = "<group>"; };
		4A476C1421E5D6E300E19107 /* LWorkTableCommonHeader.h */ = {isa = PBXFileReference; fileEncoding = 4; lastKnownFileType = sourcecode.c.h; path = LWorkTableCommonHeader.h; sourceTree = "<group>"; };
		56347A99FE1F44914DA4B71F /* Pods-T_yunIGListKit.release.xcconfig */ = {isa = PBXFileReference; includeInIndex = 1; lastKnownFileType = text.xcconfig; name = "Pods-T_yunIGListKit.release.xcconfig"; path = "Pods/Target Support Files/Pods-T_yunIGListKit/Pods-T_yunIGListKit.release.xcconfig"; sourceTree = "<group>"; };
		5C95C6E59065F8502E138024 /* Pods-T_yunIGListKit.debug.xcconfig */ = {isa = PBXFileReference; includeInIndex = 1; lastKnownFileType = text.xcconfig; name = "Pods-T_yunIGListKit.debug.xcconfig"; path = "Pods/Target Support Files/Pods-T_yunIGListKit/Pods-T_yunIGListKit.debug.xcconfig"; sourceTree = "<group>"; };
		D9EA40B61B782030AD3690E5 /* libPods-T_yunIGListKit.a */ = {isa = PBXFileReference; explicitFileType = archive.ar; includeInIndex = 0; path = "libPods-T_yunIGListKit.a"; sourceTree = BUILT_PRODUCTS_DIR; };
/* End PBXFileReference section */

/* Begin PBXFrameworksBuildPhase section */
		4A476BEA21E5CE8C00E19107 /* Frameworks */ = {
			isa = PBXFrameworksBuildPhase;
			buildActionMask = 2147483647;
			files = (
				85BFB025A16BADB4BC1E47B5 /* libPods-T_yunIGListKit.a in Frameworks */,
			);
			runOnlyForDeploymentPostprocessing = 0;
		};
/* End PBXFrameworksBuildPhase section */

/* Begin PBXGroup section */
		2300E170FB6153FB564C163D /* Pods */ = {
			isa = PBXGroup;
			children = (
				5C95C6E59065F8502E138024 /* Pods-T_yunIGListKit.debug.xcconfig */,
				56347A99FE1F44914DA4B71F /* Pods-T_yunIGListKit.release.xcconfig */,
			);
			name = Pods;
			sourceTree = "<group>";
		};
		4A476BE421E5CE8C00E19107 = {
			isa = PBXGroup;
			children = (
				4A476BEF21E5CE8C00E19107 /* T_yunIGListKit */,
				4A476BEE21E5CE8C00E19107 /* Products */,
				2300E170FB6153FB564C163D /* Pods */,
				CF850067DF091EAD736A0B00 /* Frameworks */,
			);
			sourceTree = "<group>";
		};
		4A476BEE21E5CE8C00E19107 /* Products */ = {
			isa = PBXGroup;
			children = (
				4A476BED21E5CE8C00E19107 /* T_yunIGListKit.app */,
			);
			name = Products;
			sourceTree = "<group>";
		};
		4A476BEF21E5CE8C00E19107 /* T_yunIGListKit */ = {
			isa = PBXGroup;
			children = (
				4A476C1421E5D6E300E19107 /* LWorkTableCommonHeader.h */,
				4A476C1321E5D6E300E19107 /* LWorkTableCommonHeader.m */,
				4A476C1221E5D6E300E19107 /* LWorkTableCommonHeader.xib */,
				4A476C1021E5D5B600E19107 /* LWorkTableButtonCell.h */,
				4A476C0F21E5D5B600E19107 /* LWorkTableButtonCell.m */,
				4A476BF021E5CE8C00E19107 /* AppDelegate.h */,
				4A476BF121E5CE8C00E19107 /* AppDelegate.m */,
				4A476BF321E5CE8C00E19107 /* ViewController.h */,
				4A476BF421E5CE8C00E19107 /* ViewController.m */,
				4A476BF621E5CE8C00E19107 /* Main.storyboard */,
				4A476BF921E5CE8E00E19107 /* Assets.xcassets */,
				4A476BFB21E5CE8E00E19107 /* LaunchScreen.storyboard */,
				4A476BFE21E5CE8E00E19107 /* Info.plist */,
				4A476BFF21E5CE8E00E19107 /* main.m */,
				4A476C0921E5D26800E19107 /* ListSectionModel.h */,
				4A476C0A21E5D26800E19107 /* ListSectionModel.m */,
				4A476C0C21E5D2EB00E19107 /* XMYIGListSectionController.h */,
				4A476C0D21E5D2EB00E19107 /* XMYIGListSectionController.m */,
				4A40BB8C22292D5100CBF35E /* XMYIGListImageSectionController.h */,
				4A40BB8D22292D5100CBF35E /* XMYIGListImageSectionController.m */,
				4A40BB9422292EE600CBF35E /* XMYImageCell_ square.h */,
				4A40BB9522292EE600CBF35E /* XMYImageCell_ square.m */,
				4A40BB9622292EE600CBF35E /* XMYImageCell_ square.xib */,
				4A40BB9922292F0400CBF35E /* XMYImageCell_ rectangle.h */,
				4A40BB9A22292F0400CBF35E /* XMYImageCell_ rectangle.m */,
				4A40BB9B22292F0400CBF35E /* XMYImageCell_ rectangle.xib */,
			);
			path = T_yunIGListKit;
			sourceTree = "<group>";
		};
		CF850067DF091EAD736A0B00 /* Frameworks */ = {
			isa = PBXGroup;
			children = (
				D9EA40B61B782030AD3690E5 /* libPods-T_yunIGListKit.a */,
			);
			name = Frameworks;
			sourceTree = "<group>";
		};
/* End PBXGroup section */

/* Begin PBXNativeTarget section */
		4A476BEC21E5CE8C00E19107 /* T_yunIGListKit */ = {
			isa = PBXNativeTarget;
			buildConfigurationList = 4A476C0321E5CE8E00E19107 /* Build configuration list for PBXNativeTarget "T_yunIGListKit" */;
			buildPhases = (
				76728ED66D39963F6B4F1E09 /* [CP] Check Pods Manifest.lock */,
				4A476BE921E5CE8C00E19107 /* Sources */,
				4A476BEA21E5CE8C00E19107 /* Frameworks */,
				4A476BEB21E5CE8C00E19107 /* Resources */,
			);
			buildRules = (
			);
			dependencies = (
			);
			name = T_yunIGListKit;
			productName = T_yunIGListKit;
			productReference = 4A476BED21E5CE8C00E19107 /* T_yunIGListKit.app */;
			productType = "com.apple.product-type.application";
		};
/* End PBXNativeTarget section */

/* Begin PBXProject section */
		4A476BE521E5CE8C00E19107 /* Project object */ = {
			isa = PBXProject;
			attributes = {
				LastUpgradeCheck = 1010;
				ORGANIZATIONNAME = tangyun;
				TargetAttributes = {
					4A476BEC21E5CE8C00E19107 = {
						CreatedOnToolsVersion = 10.1;
					};
				};
			};
			buildConfigurationList = 4A476BE821E5CE8C00E19107 /* Build configuration list for PBXProject "T_yunIGListKit" */;
			compatibilityVersion = "Xcode 9.3";
			developmentRegion = en;
			hasScannedForEncodings = 0;
			knownRegions = (
				en,
				Base,
			);
			mainGroup = 4A476BE421E5CE8C00E19107;
			productRefGroup = 4A476BEE21E5CE8C00E19107 /* Products */;
			projectDirPath = "";
			projectRoot = "";
			targets = (
				4A476BEC21E5CE8C00E19107 /* T_yunIGListKit */,
			);
		};
/* End PBXProject section */

/* Begin PBXResourcesBuildPhase section */
		4A476BEB21E5CE8C00E19107 /* Resources */ = {
			isa = PBXResourcesBuildPhase;
			buildActionMask = 2147483647;
			files = (
				4A476C1521E5D6E400E19107 /* LWorkTableCommonHeader.xib in Resources */,
				4A476BFD21E5CE8E00E19107 /* LaunchScreen.storyboard in Resources */,
				4A476BFA21E5CE8E00E19107 /* Assets.xcassets in Resources */,
				4A40BB9D22292F0400CBF35E /* XMYImageCell_ rectangle.xib in Resources */,
				4A40BB9822292EE600CBF35E /* XMYImageCell_ square.xib in Resources */,
				4A476BF821E5CE8C00E19107 /* Main.storyboard in Resources */,
			);
			runOnlyForDeploymentPostprocessing = 0;
		};
/* End PBXResourcesBuildPhase section */

/* Begin PBXShellScriptBuildPhase section */
		76728ED66D39963F6B4F1E09 /* [CP] Check Pods Manifest.lock */ = {
			isa = PBXShellScriptBuildPhase;
			buildActionMask = 2147483647;
			files = (
			);
			inputFileListPaths = (
			);
			inputPaths = (
				"${PODS_PODFILE_DIR_PATH}/Podfile.lock",
				"${PODS_ROOT}/Manifest.lock",
			);
			name = "[CP] Check Pods Manifest.lock";
			outputFileListPaths = (
			);
			outputPaths = (
				"$(DERIVED_FILE_DIR)/Pods-T_yunIGListKit-checkManifestLockResult.txt",
			);
			runOnlyForDeploymentPostprocessing = 0;
			shellPath = /bin/sh;
			shellScript = "diff \"${PODS_PODFILE_DIR_PATH}/Podfile.lock\" \"${PODS_ROOT}/Manifest.lock\" > /dev/null\nif [ $? != 0 ] ; then\n    # print error to STDERR\n    echo \"error: The sandbox is not in sync with the Podfile.lock. Run 'pod install' or update your CocoaPods installation.\" >&2\n    exit 1\nfi\n# This output is used by Xcode 'outputs' to avoid re-running this script phase.\necho \"SUCCESS\" > \"${SCRIPT_OUTPUT_FILE_0}\"\n";
			showEnvVarsInLog = 0;
		};
/* End PBXShellScriptBuildPhase section */

/* Begin PBXSourcesBuildPhase section */
		4A476BE921E5CE8C00E19107 /* Sources */ = {
			isa = PBXSourcesBuildPhase;
			buildActionMask = 2147483647;
			files = (
				4A476C1121E5D5B600E19107 /* LWorkTableButtonCell.m in Sources */,
				4A476BF521E5CE8C00E19107 /* ViewController.m in Sources */,
				4A476C0E21E5D2EB00E19107 /* XMYIGListSectionController.m in Sources */,
				4A40BB9722292EE600CBF35E /* XMYImageCell_ square.m in Sources */,
				4A476C0021E5CE8E00E19107 /* main.m in Sources */,
				4A40BB9C22292F0400CBF35E /* XMYImageCell_ rectangle.m in Sources */,
				4A476C1621E5D6E400E19107 /* LWorkTableCommonHeader.m in Sources */,
				4A476C0B21E5D26800E19107 /* ListSectionModel.m in Sources */,
				4A40BB8E22292D5100CBF35E /* XMYIGListImageSectionController.m in Sources */,
				4A476BF221E5CE8C00E19107 /* AppDelegate.m in Sources */,
			);
			runOnlyForDeploymentPostprocessing = 0;
		};
/* End PBXSourcesBuildPhase section */

/* Begin PBXVariantGroup section */
		4A476BF621E5CE8C00E19107 /* Main.storyboard */ = {
			isa = PBXVariantGroup;
			children = (
				4A476BF721E5CE8C00E19107 /* Base */,
			);
			name = Main.storyboard;
			sourceTree = "<group>";
		};
		4A476BFB21E5CE8E00E19107 /* LaunchScreen.storyboard */ = {
			isa = PBXVariantGroup;
			children = (
				4A476BFC21E5CE8E00E19107 /* Base */,
			);
			name = LaunchScreen.storyboard;
			sourceTree = "<group>";
		};
/* End PBXVariantGroup section */

/* Begin XCBuildConfiguration section */
		4A476C0121E5CE8E00E19107 /* Debug */ = {
			isa = XCBuildConfiguration;
			buildSettings = {
				ALWAYS_SEARCH_USER_PATHS = NO;
				CLANG_ANALYZER_NONNULL = YES;
				CLANG_ANALYZER_NUMBER_OBJECT_CONVERSION = YES_AGGRESSIVE;
				CLANG_CXX_LANGUAGE_STANDARD = "gnu++14";
				CLANG_CXX_LIBRARY = "libc++";
				CLANG_ENABLE_MODULES = YES;
				CLANG_ENABLE_OBJC_ARC = YES;
				CLANG_ENABLE_OBJC_WEAK = YES;
				CLANG_WARN_BLOCK_CAPTURE_AUTORELEASING = YES;
				CLANG_WARN_BOOL_CONVERSION = YES;
				CLANG_WARN_COMMA = YES;
				CLANG_WARN_CONSTANT_CONVERSION = YES;
				CLANG_WARN_DEPRECATED_OBJC_IMPLEMENTATIONS = YES;
				CLANG_WARN_DIRECT_OBJC_ISA_USAGE = YES_ERROR;
				CLANG_WARN_DOCUMENTATION_COMMENTS = YES;
				CLANG_WARN_EMPTY_BODY = YES;
				CLANG_WARN_ENUM_CONVERSION = YES;
				CLANG_WARN_INFINITE_RECURSION = YES;
				CLANG_WARN_INT_CONVERSION = YES;
				CLANG_WARN_NON_LITERAL_NULL_CONVERSION = YES;
				CLANG_WARN_OBJC_IMPLICIT_RETAIN_SELF = YES;
				CLANG_WARN_OBJC_LITERAL_CONVERSION = YES;
				CLANG_WARN_OBJC_ROOT_CLASS = YES_ERROR;
				CLANG_WARN_RANGE_LOOP_ANALYSIS = YES;
				CLANG_WARN_STRICT_PROTOTYPES = YES;
				CLANG_WARN_SUSPICIOUS_MOVE = YES;
				CLANG_WARN_UNGUARDED_AVAILABILITY = YES_AGGRESSIVE;
				CLANG_WARN_UNREACHABLE_CODE = YES;
				CLANG_WARN__DUPLICATE_METHOD_MATCH = YES;
				CODE_SIGN_IDENTITY = "iPhone Developer";
				COPY_PHASE_STRIP = NO;
				DEBUG_INFORMATION_FORMAT = dwarf;
				ENABLE_STRICT_OBJC_MSGSEND = YES;
				ENABLE_TESTABILITY = YES;
				GCC_C_LANGUAGE_STANDARD = gnu11;
				GCC_DYNAMIC_NO_PIC = NO;
				GCC_NO_COMMON_BLOCKS = YES;
				GCC_OPTIMIZATION_LEVEL = 0;
				GCC_PREPROCESSOR_DEFINITIONS = (
					"DEBUG=1",
					"$(inherited)",
				);
				GCC_WARN_64_TO_32_BIT_CONVERSION = YES;
				GCC_WARN_ABOUT_RETURN_TYPE = YES_ERROR;
				GCC_WARN_UNDECLARED_SELECTOR = YES;
				GCC_WARN_UNINITIALIZED_AUTOS = YES_AGGRESSIVE;
				GCC_WARN_UNUSED_FUNCTION = YES;
				GCC_WARN_UNUSED_VARIABLE = YES;
				IPHONEOS_DEPLOYMENT_TARGET = 12.1;
				MTL_ENABLE_DEBUG_INFO = INCLUDE_SOURCE;
				MTL_FAST_MATH = YES;
				ONLY_ACTIVE_ARCH = YES;
				SDKROOT = iphoneos;
			};
			name = Debug;
		};
		4A476C0221E5CE8E00E19107 /* Release */ = {
			isa = XCBuildConfiguration;
			buildSettings = {
				ALWAYS_SEARCH_USER_PATHS = NO;
				CLANG_ANALYZER_NONNULL = YES;
				CLANG_ANALYZER_NUMBER_OBJECT_CONVERSION = YES_AGGRESSIVE;
				CLANG_CXX_LANGUAGE_STANDARD = "gnu++14";
				CLANG_CXX_LIBRARY = "libc++";
				CLANG_ENABLE_MODULES = YES;
				CLANG_ENABLE_OBJC_ARC = YES;
				CLANG_ENABLE_OBJC_WEAK = YES;
				CLANG_WARN_BLOCK_CAPTURE_AUTORELEASING = YES;
				CLANG_WARN_BOOL_CONVERSION = YES;
				CLANG_WARN_COMMA = YES;
				CLANG_WARN_CONSTANT_CONVERSION = YES;
				CLANG_WARN_DEPRECATED_OBJC_IMPLEMENTATIONS = YES;
				CLANG_WARN_DIRECT_OBJC_ISA_USAGE = YES_ERROR;
				CLANG_WARN_DOCUMENTATION_COMMENTS = YES;
				CLANG_WARN_EMPTY_BODY = YES;
				CLANG_WARN_ENUM_CONVERSION = YES;
				CLANG_WARN_INFINITE_RECURSION = YES;
				CLANG_WARN_INT_CONVERSION = YES;
				CLANG_WARN_NON_LITERAL_NULL_CONVERSION = YES;
				CLANG_WARN_OBJC_IMPLICIT_RETAIN_SELF = YES;
				CLANG_WARN_OBJC_LITERAL_CONVERSION = YES;
				CLANG_WARN_OBJC_ROOT_CLASS = YES_ERROR;
				CLANG_WARN_RANGE_LOOP_ANALYSIS = YES;
				CLANG_WARN_STRICT_PROTOTYPES = YES;
				CLANG_WARN_SUSPICIOUS_MOVE = YES;
				CLANG_WARN_UNGUARDED_AVAILABILITY = YES_AGGRESSIVE;
				CLANG_WARN_UNREACHABLE_CODE = YES;
				CLANG_WARN__DUPLICATE_METHOD_MATCH = YES;
				CODE_SIGN_IDENTITY = "iPhone Developer";
				COPY_PHASE_STRIP = NO;
				DEBUG_INFORMATION_FORMAT = "dwarf-with-dsym";
				ENABLE_NS_ASSERTIONS = NO;
				ENABLE_STRICT_OBJC_MSGSEND = YES;
				GCC_C_LANGUAGE_STANDARD = gnu11;
				GCC_NO_COMMON_BLOCKS = YES;
				GCC_WARN_64_TO_32_BIT_CONVERSION = YES;
				GCC_WARN_ABOUT_RETURN_TYPE = YES_ERROR;
				GCC_WARN_UNDECLARED_SELECTOR = YES;
				GCC_WARN_UNINITIALIZED_AUTOS = YES_AGGRESSIVE;
				GCC_WARN_UNUSED_FUNCTION = YES;
				GCC_WARN_UNUSED_VARIABLE = YES;
				IPHONEOS_DEPLOYMENT_TARGET = 12.1;
				MTL_ENABLE_DEBUG_INFO = NO;
				MTL_FAST_MATH = YES;
				SDKROOT = iphoneos;
				VALIDATE_PRODUCT = YES;
			};
			name = Release;
		};
		4A476C0421E5CE8E00E19107 /* Debug */ = {
			isa = XCBuildConfiguration;
			baseConfigurationReference = 5C95C6E59065F8502E138024 /* Pods-T_yunIGListKit.debug.xcconfig */;
			buildSettings = {
				ASSETCATALOG_COMPILER_APPICON_NAME = AppIcon;
				CODE_SIGN_STYLE = Automatic;
				DEVELOPMENT_TEAM = S8KDN63PSG;
				INFOPLIST_FILE = T_yunIGListKit/Info.plist;
				LD_RUNPATH_SEARCH_PATHS = (
					"$(inherited)",
					"@executable_path/Frameworks",
				);
				PRODUCT_BUNDLE_IDENTIFIER = "com.tangyun.T-yunIGListKit";
				PRODUCT_NAME = "$(TARGET_NAME)";
				TARGETED_DEVICE_FAMILY = "1,2";
			};
			name = Debug;
		};
		4A476C0521E5CE8E00E19107 /* Release */ = {
			isa = XCBuildConfiguration;
			baseConfigurationReference = 56347A99FE1F44914DA4B71F /* Pods-T_yunIGListKit.release.xcconfig */;
			buildSettings = {
				ASSETCATALOG_COMPILER_APPICON_NAME = AppIcon;
				CODE_SIGN_STYLE = Automatic;
				DEVELOPMENT_TEAM = S8KDN63PSG;
				INFOPLIST_FILE = T_yunIGListKit/Info.plist;
				LD_RUNPATH_SEARCH_PATHS = (
					"$(inherited)",
					"@executable_path/Frameworks",
				);
				PRODUCT_BUNDLE_IDENTIFIER = "com.tangyun.T-yunIGListKit";
				PRODUCT_NAME = "$(TARGET_NAME)";
				TARGETED_DEVICE_FAMILY = "1,2";
			};
			name = Release;
		};
/* End XCBuildConfiguration section */

/* Begin XCConfigurationList section */
		4A476BE821E5CE8C00E19107 /* Build configuration list for PBXProject "T_yunIGListKit" */ = {
			isa = XCConfigurationList;
			buildConfigurations = (
				4A476C0121E5CE8E00E19107 /* Debug */,
				4A476C0221E5CE8E00E19107 /* Release */,
			);
			defaultConfigurationIsVisible = 0;
			defaultConfigurationName = Release;
		};
		4A476C0321E5CE8E00E19107 /* Build configuration list for PBXNativeTarget "T_yunIGListKit" */ = {
			isa = XCConfigurationList;
			buildConfigurations = (
				4A476C0421E5CE8E00E19107 /* Debug */,
				4A476C0521E5CE8E00E19107 /* Release */,
			);
			defaultConfigurationIsVisible = 0;
			defaultConfigurationName = Release;
		};
/* End XCConfigurationList section */
	};
	rootObject = 4A476BE521E5CE8C00E19107 /* Project object */;
}
