// !$*UTF8*$!
{
	archiveVersion = 1;
	classes = {
	};
	objectVersion = 48;
	objects = {

/* Begin PBXBuildFile section */
		4A0EEE2820511DF0006D2FBC /* AppDelegate.m in Sources */ = {isa = PBXBuildFile; fileRef = 4A0EEE2720511DF0006D2FBC /* AppDelegate.m */; };
		4A0EEE2B20511DF0006D2FBC /* ViewController.m in Sources */ = {isa = PBXBuildFile; fileRef = 4A0EEE2A20511DF0006D2FBC /* ViewController.m */; };
		4A0EEE2E20511DF0006D2FBC /* Main.storyboard in Resources */ = {isa = PBXBuildFile; fileRef = 4A0EEE2C20511DF0006D2FBC /* Main.storyboard */; };
		4A0EEE3020511DF0006D2FBC /* Assets.xcassets in Resources */ = {isa = PBXBuildFile; fileRef = 4A0EEE2F20511DF0006D2FBC /* Assets.xcassets */; };
		4A0EEE3320511DF0006D2FBC /* LaunchScreen.storyboard in Resources */ = {isa = PBXBuildFile; fileRef = 4A0EEE3120511DF0006D2FBC /* LaunchScreen.storyboard */; };
		4A0EEE3620511DF0006D2FBC /* main.m in Sources */ = {isa = PBXBuildFile; fileRef = 4A0EEE3520511DF0006D2FBC /* main.m */; };
		4A44EFC92056517E007EC612 /* TYGestureLockController.m in Sources */ = {isa = PBXBuildFile; fileRef = 4A44EFC82056517E007EC612 /* TYGestureLockController.m */; };
		4A44EFCC20565330007EC612 /* TYLockView.m in Sources */ = {isa = PBXBuildFile; fileRef = 4A44EFCB20565330007EC612 /* TYLockView.m */; };
/* End PBXBuildFile section */

/* Begin PBXFileReference section */
		4A0EEE2320511DF0006D2FBC /* TYGestureLockDemo.app */ = {isa = PBXFileReference; explicitFileType = wrapper.application; includeInIndex = 0; path = TYGestureLockDemo.app; sourceTree = BUILT_PRODUCTS_DIR; };
		4A0EEE2620511DF0006D2FBC /* AppDelegate.h */ = {isa = PBXFileReference; lastKnownFileType = sourcecode.c.h; path = AppDelegate.h; sourceTree = "<group>"; };
		4A0EEE2720511DF0006D2FBC /* AppDelegate.m */ = {isa = PBXFileReference; lastKnownFileType = sourcecode.c.objc; path = AppDelegate.m; sourceTree = "<group>"; };
		4A0EEE2920511DF0006D2FBC /* ViewController.h */ = {isa = PBXFileReference; lastKnownFileType = sourcecode.c.h; path = ViewController.h; sourceTree = "<group>"; };
		4A0EEE2A20511DF0006D2FBC /* ViewController.m */ = {isa = PBXFileReference; lastKnownFileType = sourcecode.c.objc; path = ViewController.m; sourceTree = "<group>"; };
		4A0EEE2D20511DF0006D2FBC /* Base */ = {isa = PBXFileReference; lastKnownFileType = file.storyboard; name = Base; path = Base.lproj/Main.storyboard; sourceTree = "<group>"; };
		4A0EEE2F20511DF0006D2FBC /* Assets.xcassets */ = {isa = PBXFileReference; lastKnownFileType = folder.assetcatalog; path = Assets.xcassets; sourceTree = "<group>"; };
		4A0EEE3220511DF0006D2FBC /* Base */ = {isa = PBXFileReference; lastKnownFileType = file.storyboard; name = Base; path = Base.lproj/LaunchScreen.storyboard; sourceTree = "<group>"; };
		4A0EEE3420511DF0006D2FBC /* Info.plist */ = {isa = PBXFileReference; lastKnownFileType = text.plist.xml; path = Info.plist; sourceTree = "<group>"; };
		4A0EEE3520511DF0006D2FBC /* main.m */ = {isa = PBXFileReference; lastKnownFileType = sourcecode.c.objc; path = main.m; sourceTree = "<group>"; };
		4A44EFC72056517E007EC612 /* TYGestureLockController.h */ = {isa = PBXFileReference; lastKnownFileType = sourcecode.c.h; path = TYGestureLockController.h; sourceTree = "<group>"; };
		4A44EFC82056517E007EC612 /* TYGestureLockController.m */ = {isa = PBXFileReference; lastKnownFileType = sourcecode.c.objc; path = TYGestureLockController.m; sourceTree = "<group>"; };
		4A44EFCA20565330007EC612 /* TYLockView.h */ = {isa = PBXFileReference; lastKnownFileType = sourcecode.c.h; path = TYLockView.h; sourceTree = "<group>"; };
		4A44EFCB20565330007EC612 /* TYLockView.m */ = {isa = PBXFileReference; lastKnownFileType = sourcecode.c.objc; path = TYLockView.m; sourceTree = "<group>"; };
/* End PBXFileReference section */

/* Begin PBXFrameworksBuildPhase section */
		4A0EEE2020511DF0006D2FBC /* Frameworks */ = {
			isa = PBXFrameworksBuildPhase;
			buildActionMask = 2147483647;
			files = (
			);
			runOnlyForDeploymentPostprocessing = 0;
		};
/* End PBXFrameworksBuildPhase section */

/* Begin PBXGroup section */
		4A0EEE1A20511DF0006D2FBC = {
			isa = PBXGroup;
			children = (
				4A0EEE2520511DF0006D2FBC /* TYGestureLockDemo */,
				4A0EEE2420511DF0006D2FBC /* Products */,
			);
			sourceTree = "<group>";
		};
		4A0EEE2420511DF0006D2FBC /* Products */ = {
			isa = PBXGroup;
			children = (
				4A0EEE2320511DF0006D2FBC /* TYGestureLockDemo.app */,
			);
			name = Products;
			sourceTree = "<group>";
		};
		4A0EEE2520511DF0006D2FBC /* TYGestureLockDemo */ = {
			isa = PBXGroup;
			children = (
				4A0EEE2620511DF0006D2FBC /* AppDelegate.h */,
				4A0EEE2720511DF0006D2FBC /* AppDelegate.m */,
				4A0EEE2920511DF0006D2FBC /* ViewController.h */,
				4A0EEE2A20511DF0006D2FBC /* ViewController.m */,
				4A0EEE2C20511DF0006D2FBC /* Main.storyboard */,
				4A0EEE2F20511DF0006D2FBC /* Assets.xcassets */,
				4A0EEE3120511DF0006D2FBC /* LaunchScreen.storyboard */,
				4A0EEE3420511DF0006D2FBC /* Info.plist */,
				4A0EEE3520511DF0006D2FBC /* main.m */,
				4A44EFC72056517E007EC612 /* TYGestureLockController.h */,
				4A44EFC82056517E007EC612 /* TYGestureLockController.m */,
				4A44EFCA20565330007EC612 /* TYLockView.h */,
				4A44EFCB20565330007EC612 /* TYLockView.m */,
			);
			path = TYGestureLockDemo;
			sourceTree = "<group>";
		};
/* End PBXGroup section */

/* Begin PBXNativeTarget section */
		4A0EEE2220511DF0006D2FBC /* TYGestureLockDemo */ = {
			isa = PBXNativeTarget;
			buildConfigurationList = 4A0EEE3920511DF0006D2FBC /* Build configuration list for PBXNativeTarget "TYGestureLockDemo" */;
			buildPhases = (
				4A0EEE1F20511DF0006D2FBC /* Sources */,
				4A0EEE2020511DF0006D2FBC /* Frameworks */,
				4A0EEE2120511DF0006D2FBC /* Resources */,
			);
			buildRules = (
			);
			dependencies = (
			);
			name = TYGestureLockDemo;
			productName = TYGestureLockDemo;
			productReference = 4A0EEE2320511DF0006D2FBC /* TYGestureLockDemo.app */;
			productType = "com.apple.product-type.application";
		};
/* End PBXNativeTarget section */

/* Begin PBXProject section */
		4A0EEE1B20511DF0006D2FBC /* Project object */ = {
			isa = PBXProject;
			attributes = {
				LastUpgradeCheck = 0910;
				ORGANIZATIONNAME = tangyun;
				TargetAttributes = {
					4A0EEE2220511DF0006D2FBC = {
						CreatedOnToolsVersion = 9.1;
						ProvisioningStyle = Automatic;
					};
				};
			};
			buildConfigurationList = 4A0EEE1E20511DF0006D2FBC /* Build configuration list for PBXProject "TYGestureLockDemo" */;
			compatibilityVersion = "Xcode 8.0";
			developmentRegion = en;
			hasScannedForEncodings = 0;
			knownRegions = (
				en,
				Base,
			);
			mainGroup = 4A0EEE1A20511DF0006D2FBC;
			productRefGroup = 4A0EEE2420511DF0006D2FBC /* Products */;
			projectDirPath = "";
			projectRoot = "";
			targets = (
				4A0EEE2220511DF0006D2FBC /* TYGestureLockDemo */,
			);
		};
/* End PBXProject section */

/* Begin PBXResourcesBuildPhase section */
		4A0EEE2120511DF0006D2FBC /* Resources */ = {
			isa = PBXResourcesBuildPhase;
			buildActionMask = 2147483647;
			files = (
				4A0EEE3320511DF0006D2FBC /* LaunchScreen.storyboard in Resources */,
				4A0EEE3020511DF0006D2FBC /* Assets.xcassets in Resources */,
				4A0EEE2E20511DF0006D2FBC /* Main.storyboard in Resources */,
			);
			runOnlyForDeploymentPostprocessing = 0;
		};
/* End PBXResourcesBuildPhase section */

/* Begin PBXSourcesBuildPhase section */
		4A0EEE1F20511DF0006D2FBC /* Sources */ = {
			isa = PBXSourcesBuildPhase;
			buildActionMask = 2147483647;
			files = (
				4A44EFCC20565330007EC612 /* TYLockView.m in Sources */,
				4A0EEE2B20511DF0006D2FBC /* ViewController.m in Sources */,
				4A44EFC92056517E007EC612 /* TYGestureLockController.m in Sources */,
				4A0EEE3620511DF0006D2FBC /* main.m in Sources */,
				4A0EEE2820511DF0006D2FBC /* AppDelegate.m in Sources */,
			);
			runOnlyForDeploymentPostprocessing = 0;
		};
/* End PBXSourcesBuildPhase section */

/* Begin PBXVariantGroup section */
		4A0EEE2C20511DF0006D2FBC /* Main.storyboard */ = {
			isa = PBXVariantGroup;
			children = (
				4A0EEE2D20511DF0006D2FBC /* Base */,
			);
			name = Main.storyboard;
			sourceTree = "<group>";
		};
		4A0EEE3120511DF0006D2FBC /* LaunchScreen.storyboard */ = {
			isa = PBXVariantGroup;
			children = (
				4A0EEE3220511DF0006D2FBC /* Base */,
			);
			name = LaunchScreen.storyboard;
			sourceTree = "<group>";
		};
/* End PBXVariantGroup section */

/* Begin XCBuildConfiguration section */
		4A0EEE3720511DF0006D2FBC /* Debug */ = {
			isa = XCBuildConfiguration;
			buildSettings = {
				ALWAYS_SEARCH_USER_PATHS = NO;
				CLANG_ANALYZER_NONNULL = YES;
				CLANG_ANALYZER_NUMBER_OBJECT_CONVERSION = YES_AGGRESSIVE;
				CLANG_CXX_LANGUAGE_STANDARD = "gnu++14";
				CLANG_CXX_LIBRARY = "libc++";
				CLANG_ENABLE_MODULES = YES;
				CLANG_ENABLE_OBJC_ARC = YES;
				CLANG_WARN_BLOCK_CAPTURE_AUTORELEASING = YES;
				CLANG_WARN_BOOL_CONVERSION = YES;
				CLANG_WARN_COMMA = YES;
				CLANG_WARN_CONSTANT_CONVERSION = YES;
				CLANG_WARN_DIRECT_OBJC_ISA_USAGE = YES_ERROR;
				CLANG_WARN_DOCUMENTATION_COMMENTS = YES;
				CLANG_WARN_EMPTY_BODY = YES;
				CLANG_WARN_ENUM_CONVERSION = YES;
				CLANG_WARN_INFINITE_RECURSION = YES;
				CLANG_WARN_INT_CONVERSION = YES;
				CLANG_WARN_NON_LITERAL_NULL_CONVERSION = YES;
				CLANG_WARN_OBJC_LITERAL_CONVERSION = YES;
				CLANG_WARN_OBJC_ROOT_CLASS = YES_ERROR;
				CLANG_WARN_RANGE_LOOP_ANALYSIS = YES;
				CLANG_WARN_STRICT_PROTOTYPES = YES;
				CLANG_WARN_SUSPICIOUS_MOVE = YES;
				CLANG_WARN_UNGUARDED_AVAILABILITY = YES_AGGRESSIVE;
				CLANG_WARN_UNREACHABLE_CODE = YES;
				CLANG_WARN__DUPLICATE_METHOD_MATCH = YES;
				CODE_SIGN_IDENTITY = "iPhone Developer";
				COPY_PHASE_STRIP = NO;
				DEBUG_INFORMATION_FORMAT = dwarf;
				ENABLE_STRICT_OBJC_MSGSEND = YES;
				ENABLE_TESTABILITY = YES;
				GCC_C_LANGUAGE_STANDARD = gnu11;
				GCC_DYNAMIC_NO_PIC = NO;
				GCC_NO_COMMON_BLOCKS = YES;
				GCC_OPTIMIZATION_LEVEL = 0;
				GCC_PREPROCESSOR_DEFINITIONS = (
					"DEBUG=1",
					"$(inherited)",
				);
				GCC_WARN_64_TO_32_BIT_CONVERSION = YES;
				GCC_WARN_ABOUT_RETURN_TYPE = YES_ERROR;
				GCC_WARN_UNDECLARED_SELECTOR = YES;
				GCC_WARN_UNINITIALIZED_AUTOS = YES_AGGRESSIVE;
				GCC_WARN_UNUSED_FUNCTION = YES;
				GCC_WARN_UNUSED_VARIABLE = YES;
				IPHONEOS_DEPLOYMENT_TARGET = 11.1;
				MTL_ENABLE_DEBUG_INFO = YES;
				ONLY_ACTIVE_ARCH = YES;
				SDKROOT = iphoneos;
			};
			name = Debug;
		};
		4A0EEE3820511DF0006D2FBC /* Release */ = {
			isa = XCBuildConfiguration;
			buildSettings = {
				ALWAYS_SEARCH_USER_PATHS = NO;
				CLANG_ANALYZER_NONNULL = YES;
				CLANG_ANALYZER_NUMBER_OBJECT_CONVERSION = YES_AGGRESSIVE;
				CLANG_CXX_LANGUAGE_STANDARD = "gnu++14";
				CLANG_CXX_LIBRARY = "libc++";
				CLANG_ENABLE_MODULES = YES;
				CLANG_ENABLE_OBJC_ARC = YES;
				CLANG_WARN_BLOCK_CAPTURE_AUTORELEASING = YES;
				CLANG_WARN_BOOL_CONVERSION = YES;
				CLANG_WARN_COMMA = YES;
				CLANG_WARN_CONSTANT_CONVERSION = YES;
				CLANG_WARN_DIRECT_OBJC_ISA_USAGE = YES_ERROR;
				CLANG_WARN_DOCUMENTATION_COMMENTS = YES;
				CLANG_WARN_EMPTY_BODY = YES;
				CLANG_WARN_ENUM_CONVERSION = YES;
				CLANG_WARN_INFINITE_RECURSION = YES;
				CLANG_WARN_INT_CONVERSION = YES;
				CLANG_WARN_NON_LITERAL_NULL_CONVERSION = YES;
				CLANG_WARN_OBJC_LITERAL_CONVERSION = YES;
				CLANG_WARN_OBJC_ROOT_CLASS = YES_ERROR;
				CLANG_WARN_RANGE_LOOP_ANALYSIS = YES;
				CLANG_WARN_STRICT_PROTOTYPES = YES;
				CLANG_WARN_SUSPICIOUS_MOVE = YES;
				CLANG_WARN_UNGUARDED_AVAILABILITY = YES_AGGRESSIVE;
				CLANG_WARN_UNREACHABLE_CODE = YES;
				CLANG_WARN__DUPLICATE_METHOD_MATCH = YES;
				CODE_SIGN_IDENTITY = "iPhone Developer";
				COPY_PHASE_STRIP = NO;
				DEBUG_INFORMATION_FORMAT = "dwarf-with-dsym";
				ENABLE_NS_ASSERTIONS = NO;
				ENABLE_STRICT_OBJC_MSGSEND = YES;
				GCC_C_LANGUAGE_STANDARD = gnu11;
				GCC_NO_COMMON_BLOCKS = YES;
				GCC_WARN_64_TO_32_BIT_CONVERSION = YES;
				GCC_WARN_ABOUT_RETURN_TYPE = YES_ERROR;
				GCC_WARN_UNDECLARED_SELECTOR = YES;
				GCC_WARN_UNINITIALIZED_AUTOS = YES_AGGRESSIVE;
				GCC_WARN_UNUSED_FUNCTION = YES;
				GCC_WARN_UNUSED_VARIABLE = YES;
				IPHONEOS_DEPLOYMENT_TARGET = 11.1;
				MTL_ENABLE_DEBUG_INFO = NO;
				SDKROOT = iphoneos;
				VALIDATE_PRODUCT = YES;
			};
			name = Release;
		};
		4A0EEE3A20511DF0006D2FBC /* Debug */ = {
			isa = XCBuildConfiguration;
			buildSettings = {
				ASSETCATALOG_COMPILER_APPICON_NAME = AppIcon;
				CODE_SIGN_STYLE = Automatic;
				DEVELOPMENT_TEAM = CKEK6VDE4C;
				INFOPLIST_FILE = TYGestureLockDemo/Info.plist;
				LD_RUNPATH_SEARCH_PATHS = "$(inherited) @executable_path/Frameworks";
				PRODUCT_BUNDLE_IDENTIFIER = com.tangyun.TYGestureLockDemo;
				PRODUCT_NAME = "$(TARGET_NAME)";
				TARGETED_DEVICE_FAMILY = "1,2";
			};
			name = Debug;
		};
		4A0EEE3B20511DF0006D2FBC /* Release */ = {
			isa = XCBuildConfiguration;
			buildSettings = {
				ASSETCATALOG_COMPILER_APPICON_NAME = AppIcon;
				CODE_SIGN_STYLE = Automatic;
				DEVELOPMENT_TEAM = CKEK6VDE4C;
				INFOPLIST_FILE = TYGestureLockDemo/Info.plist;
				LD_RUNPATH_SEARCH_PATHS = "$(inherited) @executable_path/Frameworks";
				PRODUCT_BUNDLE_IDENTIFIER = com.tangyun.TYGestureLockDemo;
				PRODUCT_NAME = "$(TARGET_NAME)";
				TARGETED_DEVICE_FAMILY = "1,2";
			};
			name = Release;
		};
/* End XCBuildConfiguration section */

/* Begin XCConfigurationList section */
		4A0EEE1E20511DF0006D2FBC /* Build configuration list for PBXProject "TYGestureLockDemo" */ = {
			isa = XCConfigurationList;
			buildConfigurations = (
				4A0EEE3720511DF0006D2FBC /* Debug */,
				4A0EEE3820511DF0006D2FBC /* Release */,
			);
			defaultConfigurationIsVisible = 0;
			defaultConfigurationName = Release;
		};
		4A0EEE3920511DF0006D2FBC /* Build configuration list for PBXNativeTarget "TYGestureLockDemo" */ = {
			isa = XCConfigurationList;
			buildConfigurations = (
				4A0EEE3A20511DF0006D2FBC /* Debug */,
				4A0EEE3B20511DF0006D2FBC /* Release */,
			);
			defaultConfigurationIsVisible = 0;
			defaultConfigurationName = Release;
		};
/* End XCConfigurationList section */
	};
	rootObject = 4A0EEE1B20511DF0006D2FBC /* Project object */;
}
